
Microsoft Visual Studio Solution File, Format Version 12.00
# Visual Studio Version 17
VisualStudioVersion = 17.0.32112.339
MinimumVisualStudioVersion = 10.0.40219.1
Project("{9A19103F-16F7-4668-BE54-9A1E7A4F7556}") = "LSCode.DatabaseConnectors", "src\LSCode.DatabaseConnectors\LSCode.DatabaseConnectors.csproj", "{7545847D-92FA-40A9-9AD8-238F30E5060B}"
EndProject
Project("{9A19103F-16F7-4668-BE54-9A1E7A4F7556}") = "LSCode.DatabaseConnectors.Test.Unit", "test\LSCode.DatabaseConnectors.Test.Unit\LSCode.DatabaseConnectors.Test.Unit.csproj", "{FEAF1E7F-0447-481B-9E0D-2164BC56BECB}"
EndProject
Project("{9A19103F-16F7-4668-BE54-9A1E7A4F7556}") = "LSCode.DatabaseConnectors.Test.Integration", "test\LSCode.DatabaseConnectors.Test.Integration\LSCode.DatabaseConnectors.Test.Integration.csproj", "{71B7F218-337D-4397-96DF-43ACADE5C6EA}"
EndProject
Project("{2150E333-8FDC-42A3-9474-1A3956D46DE8}") = "1 - Lib", "1 - Lib", "{70774D06-3F15-46DD-B842-139CEA4FF9CC}"
EndProject
Project("{2150E333-8FDC-42A3-9474-1A3956D46DE8}") = "2 - Test", "2 - Test", "{C1313FBE-B7B2-4F04-97E3-14C82DEE9BCB}"
EndProject
Global
	GlobalSection(SolutionConfigurationPlatforms) = preSolution
		Debug|Any CPU = Debug|Any CPU
		Release|Any CPU = Release|Any CPU
	EndGlobalSection
	GlobalSection(ProjectConfigurationPlatforms) = postSolution
		{7545847D-92FA-40A9-9AD8-238F30E5060B}.Debug|Any CPU.ActiveCfg = Debug|Any CPU
		{7545847D-92FA-40A9-9AD8-238F30E5060B}.Debug|Any CPU.Build.0 = Debug|Any CPU
		{7545847D-92FA-40A9-9AD8-238F30E5060B}.Release|Any CPU.ActiveCfg = Release|Any CPU
		{7545847D-92FA-40A9-9AD8-238F30E5060B}.Release|Any CPU.Build.0 = Release|Any CPU
		{FEAF1E7F-0447-481B-9E0D-2164BC56BECB}.Debug|Any CPU.ActiveCfg = Debug|Any CPU
		{FEAF1E7F-0447-481B-9E0D-2164BC56BECB}.Debug|Any CPU.Build.0 = Debug|Any CPU
		{FEAF1E7F-0447-481B-9E0D-2164BC56BECB}.Release|Any CPU.ActiveCfg = Release|Any CPU
		{FEAF1E7F-0447-481B-9E0D-2164BC56BECB}.Release|Any CPU.Build.0 = Release|Any CPU
		{71B7F218-337D-4397-96DF-43ACADE5C6EA}.Debug|Any CPU.ActiveCfg = Debug|Any CPU
		{71B7F218-337D-4397-96DF-43ACADE5C6EA}.Debug|Any CPU.Build.0 = Debug|Any CPU
		{71B7F218-337D-4397-96DF-43ACADE5C6EA}.Release|Any CPU.ActiveCfg = Release|Any CPU
		{71B7F218-337D-4397-96DF-43ACADE5C6EA}.Release|Any CPU.Build.0 = Release|Any CPU
	EndGlobalSection
	GlobalSection(SolutionProperties) = preSolution
		HideSolutionNode = FALSE
	EndGlobalSection
	GlobalSection(NestedProjects) = preSolution
		{7545847D-92FA-40A9-9AD8-238F30E5060B} = {70774D06-3F15-46DD-B842-139CEA4FF9CC}
		{FEAF1E7F-0447-481B-9E0D-2164BC56BECB} = {C1313FBE-B7B2-4F04-97E3-14C82DEE9BCB}
		{71B7F218-337D-4397-96DF-43ACADE5C6EA} = {C1313FBE-B7B2-4F04-97E3-14C82DEE9BCB}
	EndGlobalSection
	GlobalSection(ExtensibilityGlobals) = postSolution
		SolutionGuid = {A6B19C5E-D5E4-4A40-AF02-BD812C969C14}
	EndGlobalSection
EndGlobal
